<?xml version="1.0" encoding="utf-8"?>
<Project ToolsVersion="4.0" xmlns="http://schemas.microsoft.com/developer/msbuild/2003">
  <ItemGroup>
    <ClCompile Include="WinMain.cpp" />
    <ClCompile Include="Survivor.cpp" />
    <ClCompile Include="SurvivorStates.cpp" />
    <ClCompile Include="Zombie.cpp" />
    <ClCompile Include="ZombieStates.cpp" />
  </ItemGroup>
  <ItemGroup>
    <ClInclude Include="Survivor.h" />
    <ClInclude Include="TypeIDs.h" />
    <ClInclude Include="SurvivorStates.h" />
    <ClInclude Include="Zombie.h" />
    <ClInclude Include="ZombieStates.h" />
  </ItemGroup>
</Project>